
Microsoft Visual Studio Solution File, Format Version 12.00
# Visual Studio Version 17
VisualStudioVersion = 17.2.32630.192
MinimumVisualStudioVersion = 10.0.40219.1
Project("{FAE04EC0-301F-11D3-BF4B-00C04F79EFBC}") = "WomenEmpowerment", "WomenEmpowerment.csproj", "{683B4A61-C6A1-45AE-B2EC-ED83D60A973E}"
EndProject
Global
	GlobalSection(SolutionConfigurationPlatforms) = preSolution
		Debug|Any CPU = Debug|Any CPU
		Release|Any CPU = Release|Any CPU
	EndGlobalSection
	GlobalSection(ProjectConfigurationPlatforms) = postSolution
		{683B4A61-C6A1-45AE-B2EC-ED83D60A973E}.Debug|Any CPU.ActiveCfg = Debug|Any CPU
		{683B4A61-C6A1-45AE-B2EC-ED83D60A973E}.Debug|Any CPU.Build.0 = Debug|Any CPU
		{683B4A61-C6A1-45AE-B2EC-ED83D60A973E}.Release|Any CPU.ActiveCfg = Release|Any CPU
		{683B4A61-C6A1-45AE-B2EC-ED83D60A973E}.Release|Any CPU.Build.0 = Release|Any CPU
	EndGlobalSection
	GlobalSection(SolutionProperties) = preSolution
		HideSolutionNode = FALSE
	EndGlobalSection
	GlobalSection(ExtensibilityGlobals) = postSolution
		SolutionGuid = {9081516D-3300-4886-B6CE-82B32B893AA6}
	EndGlobalSection
EndGlobal
